<Solution>
  <Folder Name="/src/">
    <Project Path="src/Runtira.Application/Runtira.Application.csproj" />
    <Project Path="src/Runtira.Domain/Runtira.Domain.csproj" />
    <Project Path="src/Runtira.Infrastructure/Runtira.Infrastructure.csproj" />
    <Project Path="src/Runtira.Web/Runtira.Web.csproj" />
  </Folder>
</Solution>
